
Microsoft Visual Studio Solution File, Format Version 12.00
# Visual Studio Version 16
VisualStudioVersion = 16.0.30611.23
MinimumVisualStudioVersion = 10.0.40219.1
Project("{FAE04EC0-301F-11D3-BF4B-00C04F79EFBC}") = "Console_OOP2", "OOP2\Console_OOP2.csproj", "{21299080-77D7-4270-8342-121C20C9F909}"
EndProject
Project("{FAE04EC0-301F-11D3-BF4B-00C04F79EFBC}") = "ClassLibraryOOP2", "ClassLibraryOOP2\ClassLibraryOOP2.csproj", "{F77F5A95-66C8-4F4F-975F-58BE74DC37CA}"
EndProject
Global
	GlobalSection(SolutionConfigurationPlatforms) = preSolution
		Debug|Any CPU = Debug|Any CPU
		Release|Any CPU = Release|Any CPU
	EndGlobalSection
	GlobalSection(ProjectConfigurationPlatforms) = postSolution
		{21299080-77D7-4270-8342-121C20C9F909}.Debug|Any CPU.ActiveCfg = Debug|Any CPU
		{21299080-77D7-4270-8342-121C20C9F909}.Debug|Any CPU.Build.0 = Debug|Any CPU
		{21299080-77D7-4270-8342-121C20C9F909}.Release|Any CPU.ActiveCfg = Release|Any CPU
		{21299080-77D7-4270-8342-121C20C9F909}.Release|Any CPU.Build.0 = Release|Any CPU
		{F77F5A95-66C8-4F4F-975F-58BE74DC37CA}.Debug|Any CPU.ActiveCfg = Debug|Any CPU
		{F77F5A95-66C8-4F4F-975F-58BE74DC37CA}.Debug|Any CPU.Build.0 = Debug|Any CPU
		{F77F5A95-66C8-4F4F-975F-58BE74DC37CA}.Release|Any CPU.ActiveCfg = Release|Any CPU
		{F77F5A95-66C8-4F4F-975F-58BE74DC37CA}.Release|Any CPU.Build.0 = Release|Any CPU
	EndGlobalSection
	GlobalSection(SolutionProperties) = preSolution
		HideSolutionNode = FALSE
	EndGlobalSection
	GlobalSection(ExtensibilityGlobals) = postSolution
		SolutionGuid = {BAF29BD5-ACF9-43A4-8C53-DF302D43C48C}
	EndGlobalSection
EndGlobal
